
Microsoft Visual Studio Solution File, Format Version 12.00
# Visual Studio Version 17
VisualStudioVersion = 17.0.32112.339
MinimumVisualStudioVersion = 10.0.40219.1
Project("{FAE04EC0-301F-11D3-BF4B-00C04F79EFBC}") = "ShortUrl", "ShortUrl\ShortUrl.csproj", "{BCC2568A-F668-45CF-854C-B0D9AA4D18C3}"
EndProject
Global
	GlobalSection(SolutionConfigurationPlatforms) = preSolution
		Debug|Any CPU = Debug|Any CPU
		Release|Any CPU = Release|Any CPU
	EndGlobalSection
	GlobalSection(ProjectConfigurationPlatforms) = postSolution
		{BCC2568A-F668-45CF-854C-B0D9AA4D18C3}.Debug|Any CPU.ActiveCfg = Debug|Any CPU
		{BCC2568A-F668-45CF-854C-B0D9AA4D18C3}.Debug|Any CPU.Build.0 = Debug|Any CPU
		{BCC2568A-F668-45CF-854C-B0D9AA4D18C3}.Release|Any CPU.ActiveCfg = Release|Any CPU
		{BCC2568A-F668-45CF-854C-B0D9AA4D18C3}.Release|Any CPU.Build.0 = Release|Any CPU
	EndGlobalSection
	GlobalSection(SolutionProperties) = preSolution
		HideSolutionNode = FALSE
	EndGlobalSection
	GlobalSection(ExtensibilityGlobals) = postSolution
		SolutionGuid = {6A50860C-F6DC-4366-AAA3-1E15E1B2A72C}
	EndGlobalSection
EndGlobal
